<?xml version="1.0" encoding="utf-8"?>
<Project ToolsVersion="4.0" xmlns="http://schemas.microsoft.com/developer/msbuild/2003">
  <ItemGroup>
    <ClCompile Include="IG2Main.cpp" />
    <ClCompile Include="scene\IG2ApplicationContext.cpp">
      <Filter>scene</Filter>
    </ClCompile>
    <ClCompile Include="scene\entities\EntityIG.cpp">
      <Filter>scene\entities</Filter>
    </ClCompile>
    <ClCompile Include="scene\entities\p02_sinbad\Bomba.cpp">
      <Filter>scene\entities\p02_sinbad</Filter>
    </ClCompile>
    <ClCompile Include="scene\entities\p02_sinbad\EsferaCursed.cpp">
      <Filter>scene\entities\p02_sinbad</Filter>
    </ClCompile>
    <ClCompile Include="scene\entities\p02_sinbad\Plano.cpp">
      <Filter>scene\entities\p02_sinbad</Filter>
    </ClCompile>
    <ClCompile Include="scene\entities\p02_sinbad\Sinbad.cpp">
      <Filter>scene\entities\p02_sinbad</Filter>
    </ClCompile>
    <ClCompile Include="scene\entities\p01_old\s03_drone_plane\BrazoDron.cpp">
      <Filter>scene\entities\p01_old\s03_drone_plane</Filter>
    </ClCompile>
    <ClCompile Include="scene\entities\p01_old\s03_drone_plane\Dron.cpp">
      <Filter>scene\entities\p01_old\s03_drone_plane</Filter>
    </ClCompile>
    <ClCompile Include="scene\entities\p01_old\s03_drone_plane\RotorDron.cpp">
      <Filter>scene\entities\p01_old\s03_drone_plane</Filter>
    </ClCompile>
    <ClCompile Include="scene\entities\p01_old\s02_windmill\Aspa.cpp">
      <Filter>scene\entities\p01_old\s02_windmill</Filter>
    </ClCompile>
    <ClCompile Include="scene\entities\p01_old\s02_windmill\AspasMolino.cpp">
      <Filter>scene\entities\p01_old\s02_windmill</Filter>
    </ClCompile>
    <ClCompile Include="scene\entities\p01_old\s02_windmill\Molino.cpp">
      <Filter>scene\entities\p01_old\s02_windmill</Filter>
    </ClCompile>
    <ClCompile Include="scene\IG2App.cpp">
      <Filter>scene</Filter>
    </ClCompile>
    <ClCompile Include="scene\entities\p02_sinbad\Avion.cpp">
      <Filter>scene\entities\p02_sinbad</Filter>
    </ClCompile>
  </ItemGroup>
  <ItemGroup>
    <Filter Include="utils">
      <UniqueIdentifier>{08e03a0e-bfde-48ab-9287-e6620bf07faa}</UniqueIdentifier>
    </Filter>
    <Filter Include="scene">
      <UniqueIdentifier>{762a7342-2daf-4f1b-afb7-3e3a46045611}</UniqueIdentifier>
    </Filter>
    <Filter Include="scene\entities">
      <UniqueIdentifier>{51b6000e-e4fb-4c93-9bec-8eaa0b4ef04e}</UniqueIdentifier>
    </Filter>
    <Filter Include="scene\entities\p01_old">
      <UniqueIdentifier>{0bbb5513-46b2-44b4-841d-e8d30e3450a1}</UniqueIdentifier>
    </Filter>
    <Filter Include="scene\entities\p01_old\s02_windmill">
      <UniqueIdentifier>{d27ae40c-3c32-4f87-b47d-98a6fed4c6cf}</UniqueIdentifier>
    </Filter>
    <Filter Include="scene\entities\p01_old\s03_drone_plane">
      <UniqueIdentifier>{9bcf4549-85e5-4b6d-a547-5c1147a481c5}</UniqueIdentifier>
    </Filter>
    <Filter Include="scene\entities\p02_sinbad">
      <UniqueIdentifier>{87cae5ec-94da-4cff-91a3-7e9308f6422c}</UniqueIdentifier>
    </Filter>
  </ItemGroup>
  <ItemGroup>
    <ClInclude Include="utils\Randomized.h">
      <Filter>utils</Filter>
    </ClInclude>
    <ClInclude Include="scene\IG2ApplicationContext.h">
      <Filter>scene</Filter>
    </ClInclude>
    <ClInclude Include="scene\entities\EntityIG.h">
      <Filter>scene\entities</Filter>
    </ClInclude>
    <ClInclude Include="scene\entities\Message.h">
      <Filter>scene\entities</Filter>
    </ClInclude>
    <ClInclude Include="scene\entities\p02_sinbad\Bomba.h">
      <Filter>scene\entities\p02_sinbad</Filter>
    </ClInclude>
    <ClInclude Include="scene\entities\p02_sinbad\EsferaCursed.h">
      <Filter>scene\entities\p02_sinbad</Filter>
    </ClInclude>
    <ClInclude Include="scene\entities\p02_sinbad\Plano.h">
      <Filter>scene\entities\p02_sinbad</Filter>
    </ClInclude>
    <ClInclude Include="scene\entities\p02_sinbad\Sinbad.h">
      <Filter>scene\entities\p02_sinbad</Filter>
    </ClInclude>
    <ClInclude Include="scene\entities\p01_old\s03_drone_plane\BrazoDron.h">
      <Filter>scene\entities\p01_old\s03_drone_plane</Filter>
    </ClInclude>
    <ClInclude Include="scene\entities\p01_old\s03_drone_plane\Dron.h">
      <Filter>scene\entities\p01_old\s03_drone_plane</Filter>
    </ClInclude>
    <ClInclude Include="scene\entities\p01_old\s03_drone_plane\RotorDron.h">
      <Filter>scene\entities\p01_old\s03_drone_plane</Filter>
    </ClInclude>
    <ClInclude Include="scene\entities\p01_old\s02_windmill\Aspa.h">
      <Filter>scene\entities\p01_old\s02_windmill</Filter>
    </ClInclude>
    <ClInclude Include="scene\entities\p01_old\s02_windmill\AspasMolino.h">
      <Filter>scene\entities\p01_old\s02_windmill</Filter>
    </ClInclude>
    <ClInclude Include="scene\entities\p01_old\s02_windmill\Molino.h">
      <Filter>scene\entities\p01_old\s02_windmill</Filter>
    </ClInclude>
    <ClInclude Include="scene\IG2App.h">
      <Filter>scene</Filter>
    </ClInclude>
    <ClInclude Include="scene\entities\p02_sinbad\Avion.h">
      <Filter>scene\entities\p02_sinbad</Filter>
    </ClInclude>
  </ItemGroup>
</Project>